
Microsoft Visual Studio Solution File, Format Version 12.00
# Visual Studio 14
VisualStudioVersion = 14.0.23107.0
MinimumVisualStudioVersion = 10.0.40219.1
Project("{FAE04EC0-301F-11D3-BF4B-00C04F79EFBC}") = "01 - Views For Data (WPF)", "01 - Views For Data (WPF)\01 - Views For Data (WPF).csproj", "{F912F436-F3F7-4734-ADE1-0C326083D532}"
EndProject
Project("{FAE04EC0-301F-11D3-BF4B-00C04F79EFBC}") = "WPFArchitectureModel.Library", "..\..\..\WPFComponents\WPFArchitectureModel.Library\WPFArchitectureModel.Library.csproj", "{B3C5A9FA-9E00-4B81-8224-8121FE3F33F1}"
EndProject
Global
	GlobalSection(SolutionConfigurationPlatforms) = preSolution
		Debug|Any CPU = Debug|Any CPU
		Release|Any CPU = Release|Any CPU
	EndGlobalSection
	GlobalSection(ProjectConfigurationPlatforms) = postSolution
		{F912F436-F3F7-4734-ADE1-0C326083D532}.Debug|Any CPU.ActiveCfg = Debug|Any CPU
		{F912F436-F3F7-4734-ADE1-0C326083D532}.Debug|Any CPU.Build.0 = Debug|Any CPU
		{F912F436-F3F7-4734-ADE1-0C326083D532}.Release|Any CPU.ActiveCfg = Release|Any CPU
		{F912F436-F3F7-4734-ADE1-0C326083D532}.Release|Any CPU.Build.0 = Release|Any CPU
		{B3C5A9FA-9E00-4B81-8224-8121FE3F33F1}.Debug|Any CPU.ActiveCfg = Debug|Any CPU
		{B3C5A9FA-9E00-4B81-8224-8121FE3F33F1}.Debug|Any CPU.Build.0 = Debug|Any CPU
		{B3C5A9FA-9E00-4B81-8224-8121FE3F33F1}.Release|Any CPU.ActiveCfg = Release|Any CPU
		{B3C5A9FA-9E00-4B81-8224-8121FE3F33F1}.Release|Any CPU.Build.0 = Release|Any CPU
	EndGlobalSection
	GlobalSection(SolutionProperties) = preSolution
		HideSolutionNode = FALSE
	EndGlobalSection
EndGlobal
