
Microsoft Visual Studio Solution File, Format Version 12.00
# Visual Studio 2012
Project("{FAE04EC0-301F-11D3-BF4B-00C04F79EFBC}") = "Jona1", "Jona1\Jona1.csproj", "{B5302446-4F14-4000-A922-3D6607F1CBFD}"
EndProject
Global
	GlobalSection(SolutionConfigurationPlatforms) = preSolution
		Debug|Any CPU = Debug|Any CPU
		Release|Any CPU = Release|Any CPU
	EndGlobalSection
	GlobalSection(ProjectConfigurationPlatforms) = postSolution
		{B5302446-4F14-4000-A922-3D6607F1CBFD}.Debug|Any CPU.ActiveCfg = Debug|Any CPU
		{B5302446-4F14-4000-A922-3D6607F1CBFD}.Debug|Any CPU.Build.0 = Debug|Any CPU
		{B5302446-4F14-4000-A922-3D6607F1CBFD}.Release|Any CPU.ActiveCfg = Release|Any CPU
		{B5302446-4F14-4000-A922-3D6607F1CBFD}.Release|Any CPU.Build.0 = Release|Any CPU
	EndGlobalSection
	GlobalSection(SolutionProperties) = preSolution
		HideSolutionNode = FALSE
	EndGlobalSection
EndGlobal
