
Microsoft Visual Studio Solution File, Format Version 12.00
# Visual Studio 2012
Project("{FAE04EC0-301F-11D3-BF4B-00C04F79EFBC}") = "Backgrounds", "Backgrounds.csproj", "{EE164F0C-0654-40A5-A99E-A69CDE9EBDCD}"
EndProject
Global
	GlobalSection(SolutionConfigurationPlatforms) = preSolution
		Debug|Any CPU = Debug|Any CPU
		Release|Any CPU = Release|Any CPU
	EndGlobalSection
	GlobalSection(ProjectConfigurationPlatforms) = postSolution
		{EE164F0C-0654-40A5-A99E-A69CDE9EBDCD}.Debug|Any CPU.ActiveCfg = Debug|Any CPU
		{EE164F0C-0654-40A5-A99E-A69CDE9EBDCD}.Debug|Any CPU.Build.0 = Debug|Any CPU
		{EE164F0C-0654-40A5-A99E-A69CDE9EBDCD}.Release|Any CPU.ActiveCfg = Release|Any CPU
		{EE164F0C-0654-40A5-A99E-A69CDE9EBDCD}.Release|Any CPU.Build.0 = Release|Any CPU
	EndGlobalSection
	GlobalSection(SolutionProperties) = preSolution
		HideSolutionNode = FALSE
	EndGlobalSection
EndGlobal
