
Microsoft Visual Studio Solution File, Format Version 11.00
# Visual Studio 2010
Project("{2150E333-8FDC-42A3-9474-1A3956D46DE8}") = "Solution Items", "Solution Items", "{95EEEF06-B8E3-4C90-BE8C-CFCE2B6434AA}"
	ProjectSection(SolutionItems) = preProject
		UseCases.txt = UseCases.txt
	EndProjectSection
EndProject
Project("{FAE04EC0-301F-11D3-BF4B-00C04F79EFBC}") = "ControlWorkbenchRichTextBox", "ControlWorkbenchRichTextBox\ControlWorkbenchRichTextBox.csproj", "{62A874EA-C084-4BB8-B6BB-1BBC15BE65BD}"
EndProject
Global
	GlobalSection(SolutionConfigurationPlatforms) = preSolution
		Debug|Any CPU = Debug|Any CPU
		Release|Any CPU = Release|Any CPU
	EndGlobalSection
	GlobalSection(ProjectConfigurationPlatforms) = postSolution
		{62A874EA-C084-4BB8-B6BB-1BBC15BE65BD}.Debug|Any CPU.ActiveCfg = Debug|Any CPU
		{62A874EA-C084-4BB8-B6BB-1BBC15BE65BD}.Debug|Any CPU.Build.0 = Debug|Any CPU
		{62A874EA-C084-4BB8-B6BB-1BBC15BE65BD}.Release|Any CPU.ActiveCfg = Release|Any CPU
		{62A874EA-C084-4BB8-B6BB-1BBC15BE65BD}.Release|Any CPU.Build.0 = Release|Any CPU
	EndGlobalSection
	GlobalSection(SolutionProperties) = preSolution
		HideSolutionNode = FALSE
	EndGlobalSection
EndGlobal
