
Microsoft Visual Studio Solution File, Format Version 12.00
# Visual Studio 2012
Project("{FAE04EC0-301F-11D3-BF4B-00C04F79EFBC}") = "LinqProvider", "LinqProvider\LinqProvider.csproj", "{1002ABC7-E649-448B-920C-0E60D6692BFC}"
EndProject
Global
	GlobalSection(SolutionConfigurationPlatforms) = preSolution
		Debug|Any CPU = Debug|Any CPU
		Release|Any CPU = Release|Any CPU
	EndGlobalSection
	GlobalSection(ProjectConfigurationPlatforms) = postSolution
		{1002ABC7-E649-448B-920C-0E60D6692BFC}.Debug|Any CPU.ActiveCfg = Debug|Any CPU
		{1002ABC7-E649-448B-920C-0E60D6692BFC}.Debug|Any CPU.Build.0 = Debug|Any CPU
		{1002ABC7-E649-448B-920C-0E60D6692BFC}.Release|Any CPU.ActiveCfg = Release|Any CPU
		{1002ABC7-E649-448B-920C-0E60D6692BFC}.Release|Any CPU.Build.0 = Release|Any CPU
	EndGlobalSection
	GlobalSection(SolutionProperties) = preSolution
		HideSolutionNode = FALSE
	EndGlobalSection
EndGlobal
